// !$*UTF8*$!
{
	archiveVersion = 1;
	classes = {
	};
	objectVersion = 46;
	objects = {

/* Begin PBXBuildFile section */
		A9A797F01A67F955008BB4BE /* AppDelegate.swift in Sources */ = {isa = PBXBuildFile; fileRef = A9A797EF1A67F955008BB4BE /* AppDelegate.swift */; };
		A9A797F31A67F955008BB4BE /* Thethoughengnine.xcdatamodeld in Sources */ = {isa = PBXBuildFile; fileRef = A9A797F11A67F955008BB4BE /* Thethoughengnine.xcdatamodeld */; };
		A9A797F51A67F955008BB4BE /* MasterViewController.swift in Sources */ = {isa = PBXBuildFile; fileRef = A9A797F41A67F955008BB4BE /* MasterViewController.swift */; };
		A9A797F71A67F955008BB4BE /* DetailViewController.swift in Sources */ = {isa = PBXBuildFile; fileRef = A9A797F61A67F955008BB4BE /* DetailViewController.swift */; };
		A9A797FA1A67F955008BB4BE /* Main.storyboard in Resources */ = {isa = PBXBuildFile; fileRef = A9A797F81A67F955008BB4BE /* Main.storyboard */; };
		A9A797FC1A67F955008BB4BE /* Images.xcassets in Resources */ = {isa = PBXBuildFile; fileRef = A9A797FB1A67F955008BB4BE /* Images.xcassets */; };
		A9A798081A67F955008BB4BE /* ThethoughengnineTests.swift in Sources */ = {isa = PBXBuildFile; fileRef = A9A798071A67F955008BB4BE /* ThethoughengnineTests.swift */; };
/* End PBXBuildFile section */

/* Begin PBXContainerItemProxy section */
		A9A798021A67F955008BB4BE /* PBXContainerItemProxy */ = {
			isa = PBXContainerItemProxy;
			containerPortal = A9A797E21A67F955008BB4BE /* Project object */;
			proxyType = 1;
			remoteGlobalIDString = A9A797E91A67F955008BB4BE;
			remoteInfo = Thethoughengnine;
		};
/* End PBXContainerItemProxy section */

/* Begin PBXFileReference section */
		A9A797EA1A67F955008BB4BE /* Thethoughengnine.app */ = {isa = PBXFileReference; explicitFileType = wrapper.application; includeInIndex = 0; path = Thethoughengnine.app; sourceTree = BUILT_PRODUCTS_DIR; };
		A9A797EE1A67F955008BB4BE /* Info.plist */ = {isa = PBXFileReference; lastKnownFileType = text.plist.xml; path = Info.plist; sourceTree = "<group>"; };
		A9A797EF1A67F955008BB4BE /* AppDelegate.swift */ = {isa = PBXFileReference; lastKnownFileType = sourcecode.swift; path = AppDelegate.swift; sourceTree = "<group>"; };
		A9A797F21A67F955008BB4BE /* Thethoughengnine.xcdatamodel */ = {isa = PBXFileReference; lastKnownFileType = wrapper.xcdatamodel; path = Thethoughengnine.xcdatamodel; sourceTree = "<group>"; };
		A9A797F41A67F955008BB4BE /* MasterViewController.swift */ = {isa = PBXFileReference; lastKnownFileType = sourcecode.swift; path = MasterViewController.swift; sourceTree = "<group>"; };
		A9A797F61A67F955008BB4BE /* DetailViewController.swift */ = {isa = PBXFileReference; lastKnownFileType = sourcecode.swift; path = DetailViewController.swift; sourceTree = "<group>"; };
		A9A797F91A67F955008BB4BE /* Base */ = {isa = PBXFileReference; lastKnownFileType = file.storyboard; name = Base; path = Base.lproj/Main.storyboard; sourceTree = "<group>"; };
		A9A797FB1A67F955008BB4BE /* Images.xcassets */ = {isa = PBXFileReference; lastKnownFileType = folder.assetcatalog; path = Images.xcassets; sourceTree = "<group>"; };
		A9A798011A67F955008BB4BE /* ThethoughengnineTests.xctest */ = {isa = PBXFileReference; explicitFileType = wrapper.cfbundle; includeInIndex = 0; path = ThethoughengnineTests.xctest; sourceTree = BUILT_PRODUCTS_DIR; };
		A9A798061A67F955008BB4BE /* Info.plist */ = {isa = PBXFileReference; lastKnownFileType = text.plist.xml; path = Info.plist; sourceTree = "<group>"; };
		A9A798071A67F955008BB4BE /* ThethoughengnineTests.swift */ = {isa = PBXFileReference; lastKnownFileType = sourcecode.swift; path = ThethoughengnineTests.swift; sourceTree = "<group>"; };
/* End PBXFileReference section */

/* Begin PBXFrameworksBuildPhase section */
		A9A797E71A67F955008BB4BE /* Frameworks */ = {
			isa = PBXFrameworksBuildPhase;
			buildActionMask = 2147483647;
			files = (
			);
			runOnlyForDeploymentPostprocessing = 0;
		};
		A9A797FE1A67F955008BB4BE /* Frameworks */ = {
			isa = PBXFrameworksBuildPhase;
			buildActionMask = 2147483647;
			files = (
			);
			runOnlyForDeploymentPostprocessing = 0;
		};
/* End PBXFrameworksBuildPhase section */

/* Begin PBXGroup section */
		A9A797E11A67F955008BB4BE = {
			isa = PBXGroup;
			children = (
				A9A797EC1A67F955008BB4BE /* Thethoughengnine */,
				A9A798041A67F955008BB4BE /* ThethoughengnineTests */,
				A9A797EB1A67F955008BB4BE /* Products */,
			);
			sourceTree = "<group>";
		};
		A9A797EB1A67F955008BB4BE /* Products */ = {
			isa = PBXGroup;
			children = (
				A9A797EA1A67F955008BB4BE /* Thethoughengnine.app */,
				A9A798011A67F955008BB4BE /* ThethoughengnineTests.xctest */,
			);
			name = Products;
			sourceTree = "<group>";
		};
		A9A797EC1A67F955008BB4BE /* Thethoughengnine */ = {
			isa = PBXGroup;
			children = (
				A9A797EF1A67F955008BB4BE /* AppDelegate.swift */,
				A9A797F41A67F955008BB4BE /* MasterViewController.swift */,
				A9A797F61A67F955008BB4BE /* DetailViewController.swift */,
				A9A797F81A67F955008BB4BE /* Main.storyboard */,
				A9A797FB1A67F955008BB4BE /* Images.xcassets */,
				A9A797F11A67F955008BB4BE /* Thethoughengnine.xcdatamodeld */,
				A9A797ED1A67F955008BB4BE /* Supporting Files */,
			);
			path = Thethoughengnine;
			sourceTree = "<group>";
		};
		A9A797ED1A67F955008BB4BE /* Supporting Files */ = {
			isa = PBXGroup;
			children = (
				A9A797EE1A67F955008BB4BE /* Info.plist */,
			);
			name = "Supporting Files";
			sourceTree = "<group>";
		};
		A9A798041A67F955008BB4BE /* ThethoughengnineTests */ = {
			isa = PBXGroup;
			children = (
				A9A798071A67F955008BB4BE /* ThethoughengnineTests.swift */,
				A9A798051A67F955008BB4BE /* Supporting Files */,
			);
			path = ThethoughengnineTests;
			sourceTree = "<group>";
		};
		A9A798051A67F955008BB4BE /* Supporting Files */ = {
			isa = PBXGroup;
			children = (
				A9A798061A67F955008BB4BE /* Info.plist */,
			);
			name = "Supporting Files";
			sourceTree = "<group>";
		};
/* End PBXGroup section */

/* Begin PBXNativeTarget section */
		A9A797E91A67F955008BB4BE /* Thethoughengnine */ = {
			isa = PBXNativeTarget;
			buildConfigurationList = A9A7980B1A67F955008BB4BE /* Build configuration list for PBXNativeTarget "Thethoughengnine" */;
			buildPhases = (
				A9A797E61A67F955008BB4BE /* Sources */,
				A9A797E71A67F955008BB4BE /* Frameworks */,
				A9A797E81A67F955008BB4BE /* Resources */,
			);
			buildRules = (
			);
			dependencies = (
			);
			name = Thethoughengnine;
			productName = Thethoughengnine;
			productReference = A9A797EA1A67F955008BB4BE /* Thethoughengnine.app */;
			productType = "com.apple.product-type.application";
		};
		A9A798001A67F955008BB4BE /* ThethoughengnineTests */ = {
			isa = PBXNativeTarget;
			buildConfigurationList = A9A7980E1A67F955008BB4BE /* Build configuration list for PBXNativeTarget "ThethoughengnineTests" */;
			buildPhases = (
				A9A797FD1A67F955008BB4BE /* Sources */,
				A9A797FE1A67F955008BB4BE /* Frameworks */,
				A9A797FF1A67F955008BB4BE /* Resources */,
			);
			buildRules = (
			);
			dependencies = (
				A9A798031A67F955008BB4BE /* PBXTargetDependency */,
			);
			name = ThethoughengnineTests;
			productName = ThethoughengnineTests;
			productReference = A9A798011A67F955008BB4BE /* ThethoughengnineTests.xctest */;
			productType = "com.apple.product-type.bundle.unit-test";
		};
/* End PBXNativeTarget section */

/* Begin PBXProject section */
		A9A797E21A67F955008BB4BE /* Project object */ = {
			isa = PBXProject;
			attributes = {
				LastUpgradeCheck = 0600;
				ORGANIZATIONNAME = "Vivek Nair";
				TargetAttributes = {
					A9A797E91A67F955008BB4BE = {
						CreatedOnToolsVersion = 6.0;
					};
					A9A798001A67F955008BB4BE = {
						CreatedOnToolsVersion = 6.0;
						TestTargetID = A9A797E91A67F955008BB4BE;
					};
				};
			};
			buildConfigurationList = A9A797E51A67F955008BB4BE /* Build configuration list for PBXProject "Thethoughengnine" */;
			compatibilityVersion = "Xcode 3.2";
			developmentRegion = English;
			hasScannedForEncodings = 0;
			knownRegions = (
				en,
				Base,
			);
			mainGroup = A9A797E11A67F955008BB4BE;
			productRefGroup = A9A797EB1A67F955008BB4BE /* Products */;
			projectDirPath = "";
			projectRoot = "";
			targets = (
				A9A797E91A67F955008BB4BE /* Thethoughengnine */,
				A9A798001A67F955008BB4BE /* ThethoughengnineTests */,
			);
		};
/* End PBXProject section */

/* Begin PBXResourcesBuildPhase section */
		A9A797E81A67F955008BB4BE /* Resources */ = {
			isa = PBXResourcesBuildPhase;
			buildActionMask = 2147483647;
			files = (
				A9A797FA1A67F955008BB4BE /* Main.storyboard in Resources */,
				A9A797FC1A67F955008BB4BE /* Images.xcassets in Resources */,
			);
			runOnlyForDeploymentPostprocessing = 0;
		};
		A9A797FF1A67F955008BB4BE /* Resources */ = {
			isa = PBXResourcesBuildPhase;
			buildActionMask = 2147483647;
			files = (
			);
			runOnlyForDeploymentPostprocessing = 0;
		};
/* End PBXResourcesBuildPhase section */

/* Begin PBXSourcesBuildPhase section */
		A9A797E61A67F955008BB4BE /* Sources */ = {
			isa = PBXSourcesBuildPhase;
			buildActionMask = 2147483647;
			files = (
				A9A797F01A67F955008BB4BE /* AppDelegate.swift in Sources */,
				A9A797F31A67F955008BB4BE /* Thethoughengnine.xcdatamodeld in Sources */,
				A9A797F51A67F955008BB4BE /* MasterViewController.swift in Sources */,
				A9A797F71A67F955008BB4BE /* DetailViewController.swift in Sources */,
			);
			runOnlyForDeploymentPostprocessing = 0;
		};
		A9A797FD1A67F955008BB4BE /* Sources */ = {
			isa = PBXSourcesBuildPhase;
			buildActionMask = 2147483647;
			files = (
				A9A798081A67F955008BB4BE /* ThethoughengnineTests.swift in Sources */,
			);
			runOnlyForDeploymentPostprocessing = 0;
		};
/* End PBXSourcesBuildPhase section */

/* Begin PBXTargetDependency section */
		A9A798031A67F955008BB4BE /* PBXTargetDependency */ = {
			isa = PBXTargetDependency;
			target = A9A797E91A67F955008BB4BE /* Thethoughengnine */;
			targetProxy = A9A798021A67F955008BB4BE /* PBXContainerItemProxy */;
		};
/* End PBXTargetDependency section */

/* Begin PBXVariantGroup section */
		A9A797F81A67F955008BB4BE /* Main.storyboard */ = {
			isa = PBXVariantGroup;
			children = (
				A9A797F91A67F955008BB4BE /* Base */,
			);
			name = Main.storyboard;
			sourceTree = "<group>";
		};
/* End PBXVariantGroup section */

/* Begin XCBuildConfiguration section */
		A9A798091A67F955008BB4BE /* Debug */ = {
			isa = XCBuildConfiguration;
			buildSettings = {
				ALWAYS_SEARCH_USER_PATHS = NO;
				CLANG_CXX_LANGUAGE_STANDARD = "gnu++0x";
				CLANG_CXX_LIBRARY = "libc++";
				CLANG_ENABLE_MODULES = YES;
				CLANG_ENABLE_OBJC_ARC = YES;
				CLANG_WARN_BOOL_CONVERSION = YES;
				CLANG_WARN_CONSTANT_CONVERSION = YES;
				CLANG_WARN_DIRECT_OBJC_ISA_USAGE = YES_ERROR;
				CLANG_WARN_EMPTY_BODY = YES;
				CLANG_WARN_ENUM_CONVERSION = YES;
				CLANG_WARN_INT_CONVERSION = YES;
				CLANG_WARN_OBJC_ROOT_CLASS = YES_ERROR;
				CLANG_WARN_UNREACHABLE_CODE = YES;
				CLANG_WARN__DUPLICATE_METHOD_MATCH = YES;
				"CODE_SIGN_IDENTITY[sdk=iphoneos*]" = "iPhone Developer";
				COPY_PHASE_STRIP = NO;
				ENABLE_STRICT_OBJC_MSGSEND = YES;
				GCC_C_LANGUAGE_STANDARD = gnu99;
				GCC_DYNAMIC_NO_PIC = NO;
				GCC_OPTIMIZATION_LEVEL = 0;
				GCC_PREPROCESSOR_DEFINITIONS = (
					"DEBUG=1",
					"$(inherited)",
				);
				GCC_SYMBOLS_PRIVATE_EXTERN = NO;
				GCC_WARN_64_TO_32_BIT_CONVERSION = YES;
				GCC_WARN_ABOUT_RETURN_TYPE = YES_ERROR;
				GCC_WARN_UNDECLARED_SELECTOR = YES;
				GCC_WARN_UNINITIALIZED_AUTOS = YES_AGGRESSIVE;
				GCC_WARN_UNUSED_FUNCTION = YES;
				GCC_WARN_UNUSED_VARIABLE = YES;
				IPHONEOS_DEPLOYMENT_TARGET = 8.0;
				MTL_ENABLE_DEBUG_INFO = YES;
				ONLY_ACTIVE_ARCH = YES;
				SDKROOT = iphoneos;
				SWIFT_OPTIMIZATION_LEVEL = "-Onone";
				TARGETED_DEVICE_FAMILY = "1,2";
			};
			name = Debug;
		};
		A9A7980A1A67F955008BB4BE /* Release */ = {
			isa = XCBuildConfiguration;
			buildSettings = {
				ALWAYS_SEARCH_USER_PATHS = NO;
				CLANG_CXX_LANGUAGE_STANDARD = "gnu++0x";
				CLANG_CXX_LIBRARY = "libc++";
				CLANG_ENABLE_MODULES = YES;
				CLANG_ENABLE_OBJC_ARC = YES;
				CLANG_WARN_BOOL_CONVERSION = YES;
				CLANG_WARN_CONSTANT_CONVERSION = YES;
				CLANG_WARN_DIRECT_OBJC_ISA_USAGE = YES_ERROR;
				CLANG_WARN_EMPTY_BODY = YES;
				CLANG_WARN_ENUM_CONVERSION = YES;
				CLANG_WARN_INT_CONVERSION = YES;
				CLANG_WARN_OBJC_ROOT_CLASS = YES_ERROR;
				CLANG_WARN_UNREACHABLE_CODE = YES;
				CLANG_WARN__DUPLICATE_METHOD_MATCH = YES;
				"CODE_SIGN_IDENTITY[sdk=iphoneos*]" = "iPhone Developer";
				COPY_PHASE_STRIP = YES;
				ENABLE_NS_ASSERTIONS = NO;
				ENABLE_STRICT_OBJC_MSGSEND = YES;
				GCC_C_LANGUAGE_STANDARD = gnu99;
				GCC_WARN_64_TO_32_BIT_CONVERSION = YES;
				GCC_WARN_ABOUT_RETURN_TYPE = YES_ERROR;
				GCC_WARN_UNDECLARED_SELECTOR = YES;
				GCC_WARN_UNINITIALIZED_AUTOS = YES_AGGRESSIVE;
				GCC_WARN_UNUSED_FUNCTION = YES;
				GCC_WARN_UNUSED_VARIABLE = YES;
				IPHONEOS_DEPLOYMENT_TARGET = 8.0;
				MTL_ENABLE_DEBUG_INFO = NO;
				SDKROOT = iphoneos;
				TARGETED_DEVICE_FAMILY = "1,2";
				VALIDATE_PRODUCT = YES;
			};
			name = Release;
		};
		A9A7980C1A67F955008BB4BE /* Debug */ = {
			isa = XCBuildConfiguration;
			buildSettings = {
				ASSETCATALOG_COMPILER_APPICON_NAME = AppIcon;
				ASSETCATALOG_COMPILER_LAUNCHIMAGE_NAME = LaunchImage;
				INFOPLIST_FILE = Thethoughengnine/Info.plist;
				LD_RUNPATH_SEARCH_PATHS = "$(inherited) @executable_path/Frameworks";
				PRODUCT_NAME = "$(TARGET_NAME)";
			};
			name = Debug;
		};
		A9A7980D1A67F955008BB4BE /* Release */ = {
			isa = XCBuildConfiguration;
			buildSettings = {
				ASSETCATALOG_COMPILER_APPICON_NAME = AppIcon;
				ASSETCATALOG_COMPILER_LAUNCHIMAGE_NAME = LaunchImage;
				INFOPLIST_FILE = Thethoughengnine/Info.plist;
				LD_RUNPATH_SEARCH_PATHS = "$(inherited) @executable_path/Frameworks";
				PRODUCT_NAME = "$(TARGET_NAME)";
			};
			name = Release;
		};
		A9A7980F1A67F955008BB4BE /* Debug */ = {
			isa = XCBuildConfiguration;
			buildSettings = {
				BUNDLE_LOADER = "$(TEST_HOST)";
				FRAMEWORK_SEARCH_PATHS = (
					"$(SDKROOT)/Developer/Library/Frameworks",
					"$(inherited)",
				);
				GCC_PREPROCESSOR_DEFINITIONS = (
					"DEBUG=1",
					"$(inherited)",
				);
				INFOPLIST_FILE = ThethoughengnineTests/Info.plist;
				LD_RUNPATH_SEARCH_PATHS = "$(inherited) @executable_path/Frameworks @loader_path/Frameworks";
				PRODUCT_NAME = "$(TARGET_NAME)";
				TEST_HOST = "$(BUILT_PRODUCTS_DIR)/Thethoughengnine.app/Thethoughengnine";
			};
			name = Debug;
		};
		A9A798101A67F955008BB4BE /* Release */ = {
			isa = XCBuildConfiguration;
			buildSettings = {
				BUNDLE_LOADER = "$(TEST_HOST)";
				FRAMEWORK_SEARCH_PATHS = (
					"$(SDKROOT)/Developer/Library/Frameworks",
					"$(inherited)",
				);
				INFOPLIST_FILE = ThethoughengnineTests/Info.plist;
				LD_RUNPATH_SEARCH_PATHS = "$(inherited) @executable_path/Frameworks @loader_path/Frameworks";
				PRODUCT_NAME = "$(TARGET_NAME)";
				TEST_HOST = "$(BUILT_PRODUCTS_DIR)/Thethoughengnine.app/Thethoughengnine";
			};
			name = Release;
		};
/* End XCBuildConfiguration section */

/* Begin XCConfigurationList section */
		A9A797E51A67F955008BB4BE /* Build configuration list for PBXProject "Thethoughengnine" */ = {
			isa = XCConfigurationList;
			buildConfigurations = (
				A9A798091A67F955008BB4BE /* Debug */,
				A9A7980A1A67F955008BB4BE /* Release */,
			);
			defaultConfigurationIsVisible = 0;
			defaultConfigurationName = Release;
		};
		A9A7980B1A67F955008BB4BE /* Build configuration list for PBXNativeTarget "Thethoughengnine" */ = {
			isa = XCConfigurationList;
			buildConfigurations = (
				A9A7980C1A67F955008BB4BE /* Debug */,
				A9A7980D1A67F955008BB4BE /* Release */,
			);
			defaultConfigurationIsVisible = 0;
		};
		A9A7980E1A67F955008BB4BE /* Build configuration list for PBXNativeTarget "ThethoughengnineTests" */ = {
			isa = XCConfigurationList;
			buildConfigurations = (
				A9A7980F1A67F955008BB4BE /* Debug */,
				A9A798101A67F955008BB4BE /* Release */,
			);
			defaultConfigurationIsVisible = 0;
		};
/* End XCConfigurationList section */

/* Begin XCVersionGroup section */
		A9A797F11A67F955008BB4BE /* Thethoughengnine.xcdatamodeld */ = {
			isa = XCVersionGroup;
			children = (
				A9A797F21A67F955008BB4BE /* Thethoughengnine.xcdatamodel */,
			);
			currentVersion = A9A797F21A67F955008BB4BE /* Thethoughengnine.xcdatamodel */;
			path = Thethoughengnine.xcdatamodeld;
			sourceTree = "<group>";
			versionGroupType = wrapper.xcdatamodel;
		};
/* End XCVersionGroup section */
	};
	rootObject = A9A797E21A67F955008BB4BE /* Project object */;
}
